schema_version=2
image_name=rk3588-cross
image_tag=phase1-20260814
image_id=sha256:900c5130bfe1bc1961d078addbcc40a05ae5f4b8730cdce4ae2f9e0e20088e43
container_name=rk3588-dev
base_image=ubuntu:22.04@sha256:3b06811b2afd352be909dd088a004166d665dc76d38b13eada33522a9d915c6f
ubuntu_snapshot=20260814T000000Z
dockerfile_frontend=docker/dockerfile:1@sha256:ecfaec9ed6d810b56388c508f4121597bfbba70d41a6dfeee4d8cad5f295fc32
dockerfile_sha256=4ae59ecaffbae16fe258de09d59f7dc58b2046fd404ab39a6823d126577c3c2b
packages_lock_sha256=5bd92611e9f3857e545a4c54f0bf2ffe01c17a3ee0421bad159c686ddd3d81be
expected_architecture=amd64
expected_target_triplet=aarch64-linux-gnu
expected_compiler=aarch64-linux-gnu-g++\ \(Ubuntu\ 11.4.0-1ubuntu1~22.04.3\)\ 11.4.0
expected_cmake=cmake\ version\ 3.22.1
expected_ninja=1.10.1
expected_linker=GNU\ ld\ \(GNU\ Binutils\ for\ Ubuntu\)\ 2.38
expected_package_manifest_sha256=e9932a8f509195f5707fba74037b3006cda11d4d23e9f15f9e15bc10f32f496c
